
Microsoft Visual Studio Solution File, Format Version 12.00
# Visual Studio Version 17
VisualStudioVersion = 17.7.34202.233
MinimumVisualStudioVersion = 10.0.40219.1
Project("{2150E333-8FDC-42A3-9474-1A3956D46DE8}") = "src", "src", "{816DF39F-C99D-47CA-8F99-E168B8CECD44}"
EndProject
Project("{2150E333-8FDC-42A3-9474-1A3956D46DE8}") = "Services", "Services", "{2B3A80D6-CC33-4AB2-A040-7FBAFCA571A4}"
EndProject
Project("{2150E333-8FDC-42A3-9474-1A3956D46DE8}") = "Building Blocks", "Building Blocks", "{55A3F84E-9B3A-45B7-BF21-A7D897473924}"
EndProject
Project("{2150E333-8FDC-42A3-9474-1A3956D46DE8}") = "Banco", "Banco", "{CAB45B27-CDDF-4588-A268-7CD7832E789B}"
EndProject
Project("{2150E333-8FDC-42A3-9474-1A3956D46DE8}") = "CodePix", "CodePix", "{1DA62D85-5180-4AE1-9196-7DB426372F3D}"
EndProject
Project("{FAE04EC0-301F-11D3-BF4B-00C04F79EFBC}") = "CodePix.Domain", "src\services\CodePix.Domain\CodePix.Domain.csproj", "{FE47A812-65AB-46E8-AE97-3F385F2E40B2}"
EndProject
Project("{FAE04EC0-301F-11D3-BF4B-00C04F79EFBC}") = "CodePix.Core", "src\building blocks\CodePix.Core\CodePix.Core.csproj", "{D770DB13-ABE9-493C-B766-AADBC84317E7}"
EndProject
Project("{2150E333-8FDC-42A3-9474-1A3956D46DE8}") = "Tests", "Tests", "{CE071188-4949-4955-9E7C-176A78196754}"
EndProject
Project("{FAE04EC0-301F-11D3-BF4B-00C04F79EFBC}") = "CodePix.UnitTests", "tests\CodePix.UnitTests\CodePix.UnitTests.csproj", "{EF973A1C-7ECF-4755-8336-4CE130887586}"
EndProject
Global
	GlobalSection(SolutionConfigurationPlatforms) = preSolution
		Debug|Any CPU = Debug|Any CPU
		Release|Any CPU = Release|Any CPU
	EndGlobalSection
	GlobalSection(ProjectConfigurationPlatforms) = postSolution
		{FE47A812-65AB-46E8-AE97-3F385F2E40B2}.Debug|Any CPU.ActiveCfg = Debug|Any CPU
		{FE47A812-65AB-46E8-AE97-3F385F2E40B2}.Debug|Any CPU.Build.0 = Debug|Any CPU
		{FE47A812-65AB-46E8-AE97-3F385F2E40B2}.Release|Any CPU.ActiveCfg = Release|Any CPU
		{FE47A812-65AB-46E8-AE97-3F385F2E40B2}.Release|Any CPU.Build.0 = Release|Any CPU
		{D770DB13-ABE9-493C-B766-AADBC84317E7}.Debug|Any CPU.ActiveCfg = Debug|Any CPU
		{D770DB13-ABE9-493C-B766-AADBC84317E7}.Debug|Any CPU.Build.0 = Debug|Any CPU
		{D770DB13-ABE9-493C-B766-AADBC84317E7}.Release|Any CPU.ActiveCfg = Release|Any CPU
		{D770DB13-ABE9-493C-B766-AADBC84317E7}.Release|Any CPU.Build.0 = Release|Any CPU
		{EF973A1C-7ECF-4755-8336-4CE130887586}.Debug|Any CPU.ActiveCfg = Debug|Any CPU
		{EF973A1C-7ECF-4755-8336-4CE130887586}.Debug|Any CPU.Build.0 = Debug|Any CPU
		{EF973A1C-7ECF-4755-8336-4CE130887586}.Release|Any CPU.ActiveCfg = Release|Any CPU
		{EF973A1C-7ECF-4755-8336-4CE130887586}.Release|Any CPU.Build.0 = Release|Any CPU
	EndGlobalSection
	GlobalSection(SolutionProperties) = preSolution
		HideSolutionNode = FALSE
	EndGlobalSection
	GlobalSection(NestedProjects) = preSolution
		{2B3A80D6-CC33-4AB2-A040-7FBAFCA571A4} = {816DF39F-C99D-47CA-8F99-E168B8CECD44}
		{55A3F84E-9B3A-45B7-BF21-A7D897473924} = {816DF39F-C99D-47CA-8F99-E168B8CECD44}
		{CAB45B27-CDDF-4588-A268-7CD7832E789B} = {2B3A80D6-CC33-4AB2-A040-7FBAFCA571A4}
		{1DA62D85-5180-4AE1-9196-7DB426372F3D} = {2B3A80D6-CC33-4AB2-A040-7FBAFCA571A4}
		{FE47A812-65AB-46E8-AE97-3F385F2E40B2} = {1DA62D85-5180-4AE1-9196-7DB426372F3D}
		{D770DB13-ABE9-493C-B766-AADBC84317E7} = {55A3F84E-9B3A-45B7-BF21-A7D897473924}
		{CE071188-4949-4955-9E7C-176A78196754} = {1DA62D85-5180-4AE1-9196-7DB426372F3D}
		{EF973A1C-7ECF-4755-8336-4CE130887586} = {CE071188-4949-4955-9E7C-176A78196754}
	EndGlobalSection
	GlobalSection(ExtensibilityGlobals) = postSolution
		SolutionGuid = {845ABE9E-6D51-4381-8D7E-5D85F7FB69AA}
	EndGlobalSection
EndGlobal
